// !$*UTF8*$!
{
	archiveVersion = 1;
	classes = {
	};
	objectVersion = 55;
	objects = {

/* Begin PBXBuildFile section */
		1C5B303228F4B09E003E1E9C /* AppDelegate.swift in Sources */ = {isa = PBXBuildFile; fileRef = 1C5B303128F4B09E003E1E9C /* AppDelegate.swift */; };
		1C5B303428F4B09E003E1E9C /* SceneDelegate.swift in Sources */ = {isa = PBXBuildFile; fileRef = 1C5B303328F4B09E003E1E9C /* SceneDelegate.swift */; };
		1C5B303928F4B09E003E1E9C /* Main.storyboard in Resources */ = {isa = PBXBuildFile; fileRef = 1C5B303728F4B09E003E1E9C /* Main.storyboard */; };
		1C5B303B28F4B0A0003E1E9C /* Assets.xcassets in Resources */ = {isa = PBXBuildFile; fileRef = 1C5B303A28F4B0A0003E1E9C /* Assets.xcassets */; };
		1C5B303E28F4B0A0003E1E9C /* LaunchScreen.storyboard in Resources */ = {isa = PBXBuildFile; fileRef = 1C5B303C28F4B0A0003E1E9C /* LaunchScreen.storyboard */; };
		1C5B304928F4B0A0003E1E9C /* ParstagramTests.swift in Sources */ = {isa = PBXBuildFile; fileRef = 1C5B304828F4B0A0003E1E9C /* ParstagramTests.swift */; };
		1C5B305328F4B0A0003E1E9C /* ParstagramUITests.swift in Sources */ = {isa = PBXBuildFile; fileRef = 1C5B305228F4B0A0003E1E9C /* ParstagramUITests.swift */; };
		1C5B305528F4B0A0003E1E9C /* ParstagramUITestsLaunchTests.swift in Sources */ = {isa = PBXBuildFile; fileRef = 1C5B305428F4B0A0003E1E9C /* ParstagramUITestsLaunchTests.swift */; };
		1C5B306928F4B75C003E1E9C /* AlamofireImage in Frameworks */ = {isa = PBXBuildFile; productRef = 1C5B306828F4B75C003E1E9C /* AlamofireImage */; };
		1C5B306B28F4D985003E1E9C /* LoginViewController.swift in Sources */ = {isa = PBXBuildFile; fileRef = 1C5B306A28F4D985003E1E9C /* LoginViewController.swift */; };
		1C5B306D28F4D9A7003E1E9C /* FeedViewController.swift in Sources */ = {isa = PBXBuildFile; fileRef = 1C5B306C28F4D9A7003E1E9C /* FeedViewController.swift */; };
		1C5B306F28F4E796003E1E9C /* CameraViewController.swift in Sources */ = {isa = PBXBuildFile; fileRef = 1C5B306E28F4E796003E1E9C /* CameraViewController.swift */; };
		1C5B307128F4F4F0003E1E9C /* PostCell.swift in Sources */ = {isa = PBXBuildFile; fileRef = 1C5B307028F4F4F0003E1E9C /* PostCell.swift */; };
		1C5B307328FE3C9A003E1E9C /* CommentCell.swift in Sources */ = {isa = PBXBuildFile; fileRef = 1C5B307228FE3C9A003E1E9C /* CommentCell.swift */; };
		1D36DF8A7A08B2DD23139FD6 /* Pods_Parstagram_ParstagramUITests.framework in Frameworks */ = {isa = PBXBuildFile; fileRef = 1358F1B74B1D7337DBF65BE4 /* Pods_Parstagram_ParstagramUITests.framework */; };
		49DF5C9C8F6884BD3A60F0D3 /* Pods_ParstagramTests.framework in Frameworks */ = {isa = PBXBuildFile; fileRef = DE486FC5758620791D86387B /* Pods_ParstagramTests.framework */; };
		83DA0BFE31C12BDF8F8FE21B /* Pods_Parstagram.framework in Frameworks */ = {isa = PBXBuildFile; fileRef = 40A384E971F52C5BE19828FA /* Pods_Parstagram.framework */; };
/* End PBXBuildFile section */

/* Begin PBXContainerItemProxy section */
		1C5B304528F4B0A0003E1E9C /* PBXContainerItemProxy */ = {
			isa = PBXContainerItemProxy;
			containerPortal = 1C5B302628F4B09E003E1E9C /* Project object */;
			proxyType = 1;
			remoteGlobalIDString = 1C5B302D28F4B09E003E1E9C;
			remoteInfo = Parstagram;
		};
		1C5B304F28F4B0A0003E1E9C /* PBXContainerItemProxy */ = {
			isa = PBXContainerItemProxy;
			containerPortal = 1C5B302628F4B09E003E1E9C /* Project object */;
			proxyType = 1;
			remoteGlobalIDString = 1C5B302D28F4B09E003E1E9C;
			remoteInfo = Parstagram;
		};
/* End PBXContainerItemProxy section */

/* Begin PBXFileReference section */
		1358F1B74B1D7337DBF65BE4 /* Pods_Parstagram_ParstagramUITests.framework */ = {isa = PBXFileReference; explicitFileType = wrapper.framework; includeInIndex = 0; path = Pods_Parstagram_ParstagramUITests.framework; sourceTree = BUILT_PRODUCTS_DIR; };
		1AA4AD9D552B5DE9AEF681CD /* Pods-Parstagram.debug.xcconfig */ = {isa = PBXFileReference; includeInIndex = 1; lastKnownFileType = text.xcconfig; name = "Pods-Parstagram.debug.xcconfig"; path = "Target Support Files/Pods-Parstagram/Pods-Parstagram.debug.xcconfig"; sourceTree = "<group>"; };
		1C5B302E28F4B09E003E1E9C /* Parstagram.app */ = {isa = PBXFileReference; explicitFileType = wrapper.application; includeInIndex = 0; path = Parstagram.app; sourceTree = BUILT_PRODUCTS_DIR; };
		1C5B303128F4B09E003E1E9C /* AppDelegate.swift */ = {isa = PBXFileReference; lastKnownFileType = sourcecode.swift; path = AppDelegate.swift; sourceTree = "<group>"; };
		1C5B303328F4B09E003E1E9C /* SceneDelegate.swift */ = {isa = PBXFileReference; lastKnownFileType = sourcecode.swift; path = SceneDelegate.swift; sourceTree = "<group>"; };
		1C5B303828F4B09E003E1E9C /* Base */ = {isa = PBXFileReference; lastKnownFileType = file.storyboard; name = Base; path = Base.lproj/Main.storyboard; sourceTree = "<group>"; };
		1C5B303A28F4B0A0003E1E9C /* Assets.xcassets */ = {isa = PBXFileReference; lastKnownFileType = folder.assetcatalog; path = Assets.xcassets; sourceTree = "<group>"; };
		1C5B303D28F4B0A0003E1E9C /* Base */ = {isa = PBXFileReference; lastKnownFileType = file.storyboard; name = Base; path = Base.lproj/LaunchScreen.storyboard; sourceTree = "<group>"; };
		1C5B303F28F4B0A0003E1E9C /* Info.plist */ = {isa = PBXFileReference; lastKnownFileType = text.plist.xml; path = Info.plist; sourceTree = "<group>"; };
		1C5B304428F4B0A0003E1E9C /* ParstagramTests.xctest */ = {isa = PBXFileReference; explicitFileType = wrapper.cfbundle; includeInIndex = 0; path = ParstagramTests.xctest; sourceTree = BUILT_PRODUCTS_DIR; };
		1C5B304828F4B0A0003E1E9C /* ParstagramTests.swift */ = {isa = PBXFileReference; lastKnownFileType = sourcecode.swift; path = ParstagramTests.swift; sourceTree = "<group>"; };
		1C5B304E28F4B0A0003E1E9C /* ParstagramUITests.xctest */ = {isa = PBXFileReference; explicitFileType = wrapper.cfbundle; includeInIndex = 0; path = ParstagramUITests.xctest; sourceTree = BUILT_PRODUCTS_DIR; };
		1C5B305228F4B0A0003E1E9C /* ParstagramUITests.swift */ = {isa = PBXFileReference; lastKnownFileType = sourcecode.swift; path = ParstagramUITests.swift; sourceTree = "<group>"; };
		1C5B305428F4B0A0003E1E9C /* ParstagramUITestsLaunchTests.swift */ = {isa = PBXFileReference; lastKnownFileType = sourcecode.swift; path = ParstagramUITestsLaunchTests.swift; sourceTree = "<group>"; };
		1C5B306A28F4D985003E1E9C /* LoginViewController.swift */ = {isa = PBXFileReference; lastKnownFileType = sourcecode.swift; path = LoginViewController.swift; sourceTree = "<group>"; };
		1C5B306C28F4D9A7003E1E9C /* FeedViewController.swift */ = {isa = PBXFileReference; lastKnownFileType = sourcecode.swift; path = FeedViewController.swift; sourceTree = "<group>"; };
		1C5B306E28F4E796003E1E9C /* CameraViewController.swift */ = {isa = PBXFileReference; lastKnownFileType = sourcecode.swift; path = CameraViewController.swift; sourceTree = "<group>"; };
		1C5B307028F4F4F0003E1E9C /* PostCell.swift */ = {isa = PBXFileReference; lastKnownFileType = sourcecode.swift; path = PostCell.swift; sourceTree = "<group>"; };
		1C5B307228FE3C9A003E1E9C /* CommentCell.swift */ = {isa = PBXFileReference; lastKnownFileType = sourcecode.swift; path = CommentCell.swift; sourceTree = "<group>"; };
		27D098448BBA9FD582481949 /* Pods-Parstagram-ParstagramUITests.release.xcconfig */ = {isa = PBXFileReference; includeInIndex = 1; lastKnownFileType = text.xcconfig; name = "Pods-Parstagram-ParstagramUITests.release.xcconfig"; path = "Target Support Files/Pods-Parstagram-ParstagramUITests/Pods-Parstagram-ParstagramUITests.release.xcconfig"; sourceTree = "<group>"; };
		37951C26BF49B323C6B606A4 /* Pods-Parstagram.release.xcconfig */ = {isa = PBXFileReference; includeInIndex = 1; lastKnownFileType = text.xcconfig; name = "Pods-Parstagram.release.xcconfig"; path = "Target Support Files/Pods-Parstagram/Pods-Parstagram.release.xcconfig"; sourceTree = "<group>"; };
		40A384E971F52C5BE19828FA /* Pods_Parstagram.framework */ = {isa = PBXFileReference; explicitFileType = wrapper.framework; includeInIndex = 0; path = Pods_Parstagram.framework; sourceTree = BUILT_PRODUCTS_DIR; };
		6BBCF17FEEB3608220193B03 /* Pods-Parstagram-ParstagramUITests.debug.xcconfig */ = {isa = PBXFileReference; includeInIndex = 1; lastKnownFileType = text.xcconfig; name = "Pods-Parstagram-ParstagramUITests.debug.xcconfig"; path = "Target Support Files/Pods-Parstagram-ParstagramUITests/Pods-Parstagram-ParstagramUITests.debug.xcconfig"; sourceTree = "<group>"; };
		7EEEA93BA9483E884807FCF3 /* Pods-ParstagramTests.debug.xcconfig */ = {isa = PBXFileReference; includeInIndex = 1; lastKnownFileType = text.xcconfig; name = "Pods-ParstagramTests.debug.xcconfig"; path = "Target Support Files/Pods-ParstagramTests/Pods-ParstagramTests.debug.xcconfig"; sourceTree = "<group>"; };
		9E2BEC0F2742964D898206B7 /* Pods-ParstagramTests.release.xcconfig */ = {isa = PBXFileReference; includeInIndex = 1; lastKnownFileType = text.xcconfig; name = "Pods-ParstagramTests.release.xcconfig"; path = "Target Support Files/Pods-ParstagramTests/Pods-ParstagramTests.release.xcconfig"; sourceTree = "<group>"; };
		DE486FC5758620791D86387B /* Pods_ParstagramTests.framework */ = {isa = PBXFileReference; explicitFileType = wrapper.framework; includeInIndex = 0; path = Pods_ParstagramTests.framework; sourceTree = BUILT_PRODUCTS_DIR; };
/* End PBXFileReference section */

/* Begin PBXFrameworksBuildPhase section */
		1C5B302B28F4B09E003E1E9C /* Frameworks */ = {
			isa = PBXFrameworksBuildPhase;
			buildActionMask = 2147483647;
			files = (
				1C5B306928F4B75C003E1E9C /* AlamofireImage in Frameworks */,
				83DA0BFE31C12BDF8F8FE21B /* Pods_Parstagram.framework in Frameworks */,
			);
			runOnlyForDeploymentPostprocessing = 0;
		};
		1C5B304128F4B0A0003E1E9C /* Frameworks */ = {
			isa = PBXFrameworksBuildPhase;
			buildActionMask = 2147483647;
			files = (
				49DF5C9C8F6884BD3A60F0D3 /* Pods_ParstagramTests.framework in Frameworks */,
			);
			runOnlyForDeploymentPostprocessing = 0;
		};
		1C5B304B28F4B0A0003E1E9C /* Frameworks */ = {
			isa = PBXFrameworksBuildPhase;
			buildActionMask = 2147483647;
			files = (
				1D36DF8A7A08B2DD23139FD6 /* Pods_Parstagram_ParstagramUITests.framework in Frameworks */,
			);
			runOnlyForDeploymentPostprocessing = 0;
		};
/* End PBXFrameworksBuildPhase section */

/* Begin PBXGroup section */
		1C5B302528F4B09E003E1E9C = {
			isa = PBXGroup;
			children = (
				1C5B303028F4B09E003E1E9C /* Parstagram */,
				1C5B304728F4B0A0003E1E9C /* ParstagramTests */,
				1C5B305128F4B0A0003E1E9C /* ParstagramUITests */,
				1C5B302F28F4B09E003E1E9C /* Products */,
				28DD5D9520AA77C9AFEE2A72 /* Pods */,
				CD875B04E6F080EA24FCC6C5 /* Frameworks */,
			);
			sourceTree = "<group>";
		};
		1C5B302F28F4B09E003E1E9C /* Products */ = {
			isa = PBXGroup;
			children = (
				1C5B302E28F4B09E003E1E9C /* Parstagram.app */,
				1C5B304428F4B0A0003E1E9C /* ParstagramTests.xctest */,
				1C5B304E28F4B0A0003E1E9C /* ParstagramUITests.xctest */,
			);
			name = Products;
			sourceTree = "<group>";
		};
		1C5B303028F4B09E003E1E9C /* Parstagram */ = {
			isa = PBXGroup;
			children = (
				1C5B303128F4B09E003E1E9C /* AppDelegate.swift */,
				1C5B303328F4B09E003E1E9C /* SceneDelegate.swift */,
				1C5B303728F4B09E003E1E9C /* Main.storyboard */,
				1C5B303A28F4B0A0003E1E9C /* Assets.xcassets */,
				1C5B303C28F4B0A0003E1E9C /* LaunchScreen.storyboard */,
				1C5B303F28F4B0A0003E1E9C /* Info.plist */,
				1C5B306A28F4D985003E1E9C /* LoginViewController.swift */,
				1C5B306C28F4D9A7003E1E9C /* FeedViewController.swift */,
				1C5B306E28F4E796003E1E9C /* CameraViewController.swift */,
				1C5B307028F4F4F0003E1E9C /* PostCell.swift */,
				1C5B307228FE3C9A003E1E9C /* CommentCell.swift */,
			);
			path = Parstagram;
			sourceTree = "<group>";
		};
		1C5B304728F4B0A0003E1E9C /* ParstagramTests */ = {
			isa = PBXGroup;
			children = (
				1C5B304828F4B0A0003E1E9C /* ParstagramTests.swift */,
			);
			path = ParstagramTests;
			sourceTree = "<group>";
		};
		1C5B305128F4B0A0003E1E9C /* ParstagramUITests */ = {
			isa = PBXGroup;
			children = (
				1C5B305228F4B0A0003E1E9C /* ParstagramUITests.swift */,
				1C5B305428F4B0A0003E1E9C /* ParstagramUITestsLaunchTests.swift */,
			);
			path = ParstagramUITests;
			sourceTree = "<group>";
		};
		28DD5D9520AA77C9AFEE2A72 /* Pods */ = {
			isa = PBXGroup;
			children = (
				1AA4AD9D552B5DE9AEF681CD /* Pods-Parstagram.debug.xcconfig */,
				37951C26BF49B323C6B606A4 /* Pods-Parstagram.release.xcconfig */,
				6BBCF17FEEB3608220193B03 /* Pods-Parstagram-ParstagramUITests.debug.xcconfig */,
				27D098448BBA9FD582481949 /* Pods-Parstagram-ParstagramUITests.release.xcconfig */,
				7EEEA93BA9483E884807FCF3 /* Pods-ParstagramTests.debug.xcconfig */,
				9E2BEC0F2742964D898206B7 /* Pods-ParstagramTests.release.xcconfig */,
			);
			path = Pods;
			sourceTree = "<group>";
		};
		CD875B04E6F080EA24FCC6C5 /* Frameworks */ = {
			isa = PBXGroup;
			children = (
				40A384E971F52C5BE19828FA /* Pods_Parstagram.framework */,
				1358F1B74B1D7337DBF65BE4 /* Pods_Parstagram_ParstagramUITests.framework */,
				DE486FC5758620791D86387B /* Pods_ParstagramTests.framework */,
			);
			name = Frameworks;
			sourceTree = "<group>";
		};
/* End PBXGroup section */

/* Begin PBXNativeTarget section */
		1C5B302D28F4B09E003E1E9C /* Parstagram */ = {
			isa = PBXNativeTarget;
			buildConfigurationList = 1C5B305828F4B0A0003E1E9C /* Build configuration list for PBXNativeTarget "Parstagram" */;
			buildPhases = (
				62262180EA08B8A00CC60F3E /* [CP] Check Pods Manifest.lock */,
				1C5B302A28F4B09E003E1E9C /* Sources */,
				1C5B302B28F4B09E003E1E9C /* Frameworks */,
				1C5B302C28F4B09E003E1E9C /* Resources */,
				EABE2FFB48AA9A2E4B5D3EEC /* [CP] Embed Pods Frameworks */,
			);
			buildRules = (
			);
			dependencies = (
			);
			name = Parstagram;
			packageProductDependencies = (
				1C5B306828F4B75C003E1E9C /* AlamofireImage */,
			);
			productName = Parstagram;
			productReference = 1C5B302E28F4B09E003E1E9C /* Parstagram.app */;
			productType = "com.apple.product-type.application";
		};
		1C5B304328F4B0A0003E1E9C /* ParstagramTests */ = {
			isa = PBXNativeTarget;
			buildConfigurationList = 1C5B305B28F4B0A0003E1E9C /* Build configuration list for PBXNativeTarget "ParstagramTests" */;
			buildPhases = (
				706E6C128DB98590E5D60362 /* [CP] Check Pods Manifest.lock */,
				1C5B304028F4B0A0003E1E9C /* Sources */,
				1C5B304128F4B0A0003E1E9C /* Frameworks */,
				1C5B304228F4B0A0003E1E9C /* Resources */,
			);
			buildRules = (
			);
			dependencies = (
				1C5B304628F4B0A0003E1E9C /* PBXTargetDependency */,
			);
			name = ParstagramTests;
			productName = ParstagramTests;
			productReference = 1C5B304428F4B0A0003E1E9C /* ParstagramTests.xctest */;
			productType = "com.apple.product-type.bundle.unit-test";
		};
		1C5B304D28F4B0A0003E1E9C /* ParstagramUITests */ = {
			isa = PBXNativeTarget;
			buildConfigurationList = 1C5B305E28F4B0A0003E1E9C /* Build configuration list for PBXNativeTarget "ParstagramUITests" */;
			buildPhases = (
				618D5566AB0F72F6B1225B05 /* [CP] Check Pods Manifest.lock */,
				1C5B304A28F4B0A0003E1E9C /* Sources */,
				1C5B304B28F4B0A0003E1E9C /* Frameworks */,
				1C5B304C28F4B0A0003E1E9C /* Resources */,
				B67455691BF715E448DB1D1C /* [CP] Embed Pods Frameworks */,
			);
			buildRules = (
			);
			dependencies = (
				1C5B305028F4B0A0003E1E9C /* PBXTargetDependency */,
			);
			name = ParstagramUITests;
			productName = ParstagramUITests;
			productReference = 1C5B304E28F4B0A0003E1E9C /* ParstagramUITests.xctest */;
			productType = "com.apple.product-type.bundle.ui-testing";
		};
/* End PBXNativeTarget section */

/* Begin PBXProject section */
		1C5B302628F4B09E003E1E9C /* Project object */ = {
			isa = PBXProject;
			attributes = {
				BuildIndependentTargetsInParallel = 1;
				LastSwiftUpdateCheck = 1340;
				LastUpgradeCheck = 1340;
				TargetAttributes = {
					1C5B302D28F4B09E003E1E9C = {
						CreatedOnToolsVersion = 13.4.1;
					};
					1C5B304328F4B0A0003E1E9C = {
						CreatedOnToolsVersion = 13.4.1;
						TestTargetID = 1C5B302D28F4B09E003E1E9C;
					};
					1C5B304D28F4B0A0003E1E9C = {
						CreatedOnToolsVersion = 13.4.1;
						TestTargetID = 1C5B302D28F4B09E003E1E9C;
					};
				};
			};
			buildConfigurationList = 1C5B302928F4B09E003E1E9C /* Build configuration list for PBXProject "Parstagram" */;
			compatibilityVersion = "Xcode 13.0";
			developmentRegion = en;
			hasScannedForEncodings = 0;
			knownRegions = (
				en,
				Base,
			);
			mainGroup = 1C5B302528F4B09E003E1E9C;
			packageReferences = (
				1C5B306728F4B75C003E1E9C /* XCRemoteSwiftPackageReference "AlamofireImage" */,
			);
			productRefGroup = 1C5B302F28F4B09E003E1E9C /* Products */;
			projectDirPath = "";
			projectRoot = "";
			targets = (
				1C5B302D28F4B09E003E1E9C /* Parstagram */,
				1C5B304328F4B0A0003E1E9C /* ParstagramTests */,
				1C5B304D28F4B0A0003E1E9C /* ParstagramUITests */,
			);
		};
/* End PBXProject section */

/* Begin PBXResourcesBuildPhase section */
		1C5B302C28F4B09E003E1E9C /* Resources */ = {
			isa = PBXResourcesBuildPhase;
			buildActionMask = 2147483647;
			files = (
				1C5B303E28F4B0A0003E1E9C /* LaunchScreen.storyboard in Resources */,
				1C5B303B28F4B0A0003E1E9C /* Assets.xcassets in Resources */,
				1C5B303928F4B09E003E1E9C /* Main.storyboard in Resources */,
			);
			runOnlyForDeploymentPostprocessing = 0;
		};
		1C5B304228F4B0A0003E1E9C /* Resources */ = {
			isa = PBXResourcesBuildPhase;
			buildActionMask = 2147483647;
			files = (
			);
			runOnlyForDeploymentPostprocessing = 0;
		};
		1C5B304C28F4B0A0003E1E9C /* Resources */ = {
			isa = PBXResourcesBuildPhase;
			buildActionMask = 2147483647;
			files = (
			);
			runOnlyForDeploymentPostprocessing = 0;
		};
/* End PBXResourcesBuildPhase section */

/* Begin PBXShellScriptBuildPhase section */
		618D5566AB0F72F6B1225B05 /* [CP] Check Pods Manifest.lock */ = {
			isa = PBXShellScriptBuildPhase;
			buildActionMask = 2147483647;
			files = (
			);
			inputFileListPaths = (
			);
			inputPaths = (
				"${PODS_PODFILE_DIR_PATH}/Podfile.lock",
				"${PODS_ROOT}/Manifest.lock",
			);
			name = "[CP] Check Pods Manifest.lock";
			outputFileListPaths = (
			);
			outputPaths = (
				"$(DERIVED_FILE_DIR)/Pods-Parstagram-ParstagramUITests-checkManifestLockResult.txt",
			);
			runOnlyForDeploymentPostprocessing = 0;
			shellPath = /bin/sh;
			shellScript = "diff \"${PODS_PODFILE_DIR_PATH}/Podfile.lock\" \"${PODS_ROOT}/Manifest.lock\" > /dev/null\nif [ $? != 0 ] ; then\n    # print error to STDERR\n    echo \"error: The sandbox is not in sync with the Podfile.lock. Run 'pod install' or update your CocoaPods installation.\" >&2\n    exit 1\nfi\n# This output is used by Xcode 'outputs' to avoid re-running this script phase.\necho \"SUCCESS\" > \"${SCRIPT_OUTPUT_FILE_0}\"\n";
			showEnvVarsInLog = 0;
		};
		62262180EA08B8A00CC60F3E /* [CP] Check Pods Manifest.lock */ = {
			isa = PBXShellScriptBuildPhase;
			buildActionMask = 2147483647;
			files = (
			);
			inputFileListPaths = (
			);
			inputPaths = (
				"${PODS_PODFILE_DIR_PATH}/Podfile.lock",
				"${PODS_ROOT}/Manifest.lock",
			);
			name = "[CP] Check Pods Manifest.lock";
			outputFileListPaths = (
			);
			outputPaths = (
				"$(DERIVED_FILE_DIR)/Pods-Parstagram-checkManifestLockResult.txt",
			);
			runOnlyForDeploymentPostprocessing = 0;
			shellPath = /bin/sh;
			shellScript = "diff \"${PODS_PODFILE_DIR_PATH}/Podfile.lock\" \"${PODS_ROOT}/Manifest.lock\" > /dev/null\nif [ $? != 0 ] ; then\n    # print error to STDERR\n    echo \"error: The sandbox is not in sync with the Podfile.lock. Run 'pod install' or update your CocoaPods installation.\" >&2\n    exit 1\nfi\n# This output is used by Xcode 'outputs' to avoid re-running this script phase.\necho \"SUCCESS\" > \"${SCRIPT_OUTPUT_FILE_0}\"\n";
			showEnvVarsInLog = 0;
		};
		706E6C128DB98590E5D60362 /* [CP] Check Pods Manifest.lock */ = {
			isa = PBXShellScriptBuildPhase;
			buildActionMask = 2147483647;
			files = (
			);
			inputFileListPaths = (
			);
			inputPaths = (
				"${PODS_PODFILE_DIR_PATH}/Podfile.lock",
				"${PODS_ROOT}/Manifest.lock",
			);
			name = "[CP] Check Pods Manifest.lock";
			outputFileListPaths = (
			);
			outputPaths = (
				"$(DERIVED_FILE_DIR)/Pods-ParstagramTests-checkManifestLockResult.txt",
			);
			runOnlyForDeploymentPostprocessing = 0;
			shellPath = /bin/sh;
			shellScript = "diff \"${PODS_PODFILE_DIR_PATH}/Podfile.lock\" \"${PODS_ROOT}/Manifest.lock\" > /dev/null\nif [ $? != 0 ] ; then\n    # print error to STDERR\n    echo \"error: The sandbox is not in sync with the Podfile.lock. Run 'pod install' or update your CocoaPods installation.\" >&2\n    exit 1\nfi\n# This output is used by Xcode 'outputs' to avoid re-running this script phase.\necho \"SUCCESS\" > \"${SCRIPT_OUTPUT_FILE_0}\"\n";
			showEnvVarsInLog = 0;
		};
		B67455691BF715E448DB1D1C /* [CP] Embed Pods Frameworks */ = {
			isa = PBXShellScriptBuildPhase;
			buildActionMask = 2147483647;
			files = (
			);
			inputFileListPaths = (
				"${PODS_ROOT}/Target Support Files/Pods-Parstagram-ParstagramUITests/Pods-Parstagram-ParstagramUITests-frameworks-${CONFIGURATION}-input-files.xcfilelist",
			);
			name = "[CP] Embed Pods Frameworks";
			outputFileListPaths = (
				"${PODS_ROOT}/Target Support Files/Pods-Parstagram-ParstagramUITests/Pods-Parstagram-ParstagramUITests-frameworks-${CONFIGURATION}-output-files.xcfilelist",
			);
			runOnlyForDeploymentPostprocessing = 0;
			shellPath = /bin/sh;
			shellScript = "\"${PODS_ROOT}/Target Support Files/Pods-Parstagram-ParstagramUITests/Pods-Parstagram-ParstagramUITests-frameworks.sh\"\n";
			showEnvVarsInLog = 0;
		};
		EABE2FFB48AA9A2E4B5D3EEC /* [CP] Embed Pods Frameworks */ = {
			isa = PBXShellScriptBuildPhase;
			buildActionMask = 2147483647;
			files = (
			);
			inputFileListPaths = (
				"${PODS_ROOT}/Target Support Files/Pods-Parstagram/Pods-Parstagram-frameworks-${CONFIGURATION}-input-files.xcfilelist",
			);
			name = "[CP] Embed Pods Frameworks";
			outputFileListPaths = (
				"${PODS_ROOT}/Target Support Files/Pods-Parstagram/Pods-Parstagram-frameworks-${CONFIGURATION}-output-files.xcfilelist",
			);
			runOnlyForDeploymentPostprocessing = 0;
			shellPath = /bin/sh;
			shellScript = "\"${PODS_ROOT}/Target Support Files/Pods-Parstagram/Pods-Parstagram-frameworks.sh\"\n";
			showEnvVarsInLog = 0;
		};
/* End PBXShellScriptBuildPhase section */

/* Begin PBXSourcesBuildPhase section */
		1C5B302A28F4B09E003E1E9C /* Sources */ = {
			isa = PBXSourcesBuildPhase;
			buildActionMask = 2147483647;
			files = (
				1C5B306B28F4D985003E1E9C /* LoginViewController.swift in Sources */,
				1C5B306F28F4E796003E1E9C /* CameraViewController.swift in Sources */,
				1C5B303228F4B09E003E1E9C /* AppDelegate.swift in Sources */,
				1C5B306D28F4D9A7003E1E9C /* FeedViewController.swift in Sources */,
				1C5B303428F4B09E003E1E9C /* SceneDelegate.swift in Sources */,
				1C5B307128F4F4F0003E1E9C /* PostCell.swift in Sources */,
				1C5B307328FE3C9A003E1E9C /* CommentCell.swift in Sources */,
			);
			runOnlyForDeploymentPostprocessing = 0;
		};
		1C5B304028F4B0A0003E1E9C /* Sources */ = {
			isa = PBXSourcesBuildPhase;
			buildActionMask = 2147483647;
			files = (
				1C5B304928F4B0A0003E1E9C /* ParstagramTests.swift in Sources */,
			);
			runOnlyForDeploymentPostprocessing = 0;
		};
		1C5B304A28F4B0A0003E1E9C /* Sources */ = {
			isa = PBXSourcesBuildPhase;
			buildActionMask = 2147483647;
			files = (
				1C5B305528F4B0A0003E1E9C /* ParstagramUITestsLaunchTests.swift in Sources */,
				1C5B305328F4B0A0003E1E9C /* ParstagramUITests.swift in Sources */,
			);
			runOnlyForDeploymentPostprocessing = 0;
		};
/* End PBXSourcesBuildPhase section */

/* Begin PBXTargetDependency section */
		1C5B304628F4B0A0003E1E9C /* PBXTargetDependency */ = {
			isa = PBXTargetDependency;
			target = 1C5B302D28F4B09E003E1E9C /* Parstagram */;
			targetProxy = 1C5B304528F4B0A0003E1E9C /* PBXContainerItemProxy */;
		};
		1C5B305028F4B0A0003E1E9C /* PBXTargetDependency */ = {
			isa = PBXTargetDependency;
			target = 1C5B302D28F4B09E003E1E9C /* Parstagram */;
			targetProxy = 1C5B304F28F4B0A0003E1E9C /* PBXContainerItemProxy */;
		};
/* End PBXTargetDependency section */

/* Begin PBXVariantGroup section */
		1C5B303728F4B09E003E1E9C /* Main.storyboard */ = {
			isa = PBXVariantGroup;
			children = (
				1C5B303828F4B09E003E1E9C /* Base */,
			);
			name = Main.storyboard;
			sourceTree = "<group>";
		};
		1C5B303C28F4B0A0003E1E9C /* LaunchScreen.storyboard */ = {
			isa = PBXVariantGroup;
			children = (
				1C5B303D28F4B0A0003E1E9C /* Base */,
			);
			name = LaunchScreen.storyboard;
			sourceTree = "<group>";
		};
/* End PBXVariantGroup section */

/* Begin XCBuildConfiguration section */
		1C5B305628F4B0A0003E1E9C /* Debug */ = {
			isa = XCBuildConfiguration;
			buildSettings = {
				ALWAYS_SEARCH_USER_PATHS = NO;
				CLANG_ANALYZER_NONNULL = YES;
				CLANG_ANALYZER_NUMBER_OBJECT_CONVERSION = YES_AGGRESSIVE;
				CLANG_CXX_LANGUAGE_STANDARD = "gnu++17";
				CLANG_ENABLE_MODULES = YES;
				CLANG_ENABLE_OBJC_ARC = YES;
				CLANG_ENABLE_OBJC_WEAK = YES;
				CLANG_WARN_BLOCK_CAPTURE_AUTORELEASING = YES;
				CLANG_WARN_BOOL_CONVERSION = YES;
				CLANG_WARN_COMMA = YES;
				CLANG_WARN_CONSTANT_CONVERSION = YES;
				CLANG_WARN_DEPRECATED_OBJC_IMPLEMENTATIONS = YES;
				CLANG_WARN_DIRECT_OBJC_ISA_USAGE = YES_ERROR;
				CLANG_WARN_DOCUMENTATION_COMMENTS = YES;
				CLANG_WARN_EMPTY_BODY = YES;
				CLANG_WARN_ENUM_CONVERSION = YES;
				CLANG_WARN_INFINITE_RECURSION = YES;
				CLANG_WARN_INT_CONVERSION = YES;
				CLANG_WARN_NON_LITERAL_NULL_CONVERSION = YES;
				CLANG_WARN_OBJC_IMPLICIT_RETAIN_SELF = YES;
				CLANG_WARN_OBJC_LITERAL_CONVERSION = YES;
				CLANG_WARN_OBJC_ROOT_CLASS = YES_ERROR;
				CLANG_WARN_QUOTED_INCLUDE_IN_FRAMEWORK_HEADER = YES;
				CLANG_WARN_RANGE_LOOP_ANALYSIS = YES;
				CLANG_WARN_STRICT_PROTOTYPES = YES;
				CLANG_WARN_SUSPICIOUS_MOVE = YES;
				CLANG_WARN_UNGUARDED_AVAILABILITY = YES_AGGRESSIVE;
				CLANG_WARN_UNREACHABLE_CODE = YES;
				CLANG_WARN__DUPLICATE_METHOD_MATCH = YES;
				COPY_PHASE_STRIP = NO;
				DEBUG_INFORMATION_FORMAT = dwarf;
				ENABLE_STRICT_OBJC_MSGSEND = YES;
				ENABLE_TESTABILITY = YES;
				GCC_C_LANGUAGE_STANDARD = gnu11;
				GCC_DYNAMIC_NO_PIC = NO;
				GCC_NO_COMMON_BLOCKS = YES;
				GCC_OPTIMIZATION_LEVEL = 0;
				GCC_PREPROCESSOR_DEFINITIONS = (
					"DEBUG=1",
					"$(inherited)",
				);
				GCC_WARN_64_TO_32_BIT_CONVERSION = YES;
				GCC_WARN_ABOUT_RETURN_TYPE = YES_ERROR;
				GCC_WARN_UNDECLARED_SELECTOR = YES;
				GCC_WARN_UNINITIALIZED_AUTOS = YES_AGGRESSIVE;
				GCC_WARN_UNUSED_FUNCTION = YES;
				GCC_WARN_UNUSED_VARIABLE = YES;
				IPHONEOS_DEPLOYMENT_TARGET = 15.5;
				MTL_ENABLE_DEBUG_INFO = INCLUDE_SOURCE;
				MTL_FAST_MATH = YES;
				ONLY_ACTIVE_ARCH = YES;
				SDKROOT = iphoneos;
				SWIFT_ACTIVE_COMPILATION_CONDITIONS = DEBUG;
				SWIFT_OPTIMIZATION_LEVEL = "-Onone";
			};
			name = Debug;
		};
		1C5B305728F4B0A0003E1E9C /* Release */ = {
			isa = XCBuildConfiguration;
			buildSettings = {
				ALWAYS_SEARCH_USER_PATHS = NO;
				CLANG_ANALYZER_NONNULL = YES;
				CLANG_ANALYZER_NUMBER_OBJECT_CONVERSION = YES_AGGRESSIVE;
				CLANG_CXX_LANGUAGE_STANDARD = "gnu++17";
				CLANG_ENABLE_MODULES = YES;
				CLANG_ENABLE_OBJC_ARC = YES;
				CLANG_ENABLE_OBJC_WEAK = YES;
				CLANG_WARN_BLOCK_CAPTURE_AUTORELEASING = YES;
				CLANG_WARN_BOOL_CONVERSION = YES;
				CLANG_WARN_COMMA = YES;
				CLANG_WARN_CONSTANT_CONVERSION = YES;
				CLANG_WARN_DEPRECATED_OBJC_IMPLEMENTATIONS = YES;
				CLANG_WARN_DIRECT_OBJC_ISA_USAGE = YES_ERROR;
				CLANG_WARN_DOCUMENTATION_COMMENTS = YES;
				CLANG_WARN_EMPTY_BODY = YES;
				CLANG_WARN_ENUM_CONVERSION = YES;
				CLANG_WARN_INFINITE_RECURSION = YES;
				CLANG_WARN_INT_CONVERSION = YES;
				CLANG_WARN_NON_LITERAL_NULL_CONVERSION = YES;
				CLANG_WARN_OBJC_IMPLICIT_RETAIN_SELF = YES;
				CLANG_WARN_OBJC_LITERAL_CONVERSION = YES;
				CLANG_WARN_OBJC_ROOT_CLASS = YES_ERROR;
				CLANG_WARN_QUOTED_INCLUDE_IN_FRAMEWORK_HEADER = YES;
				CLANG_WARN_RANGE_LOOP_ANALYSIS = YES;
				CLANG_WARN_STRICT_PROTOTYPES = YES;
				CLANG_WARN_SUSPICIOUS_MOVE = YES;
				CLANG_WARN_UNGUARDED_AVAILABILITY = YES_AGGRESSIVE;
				CLANG_WARN_UNREACHABLE_CODE = YES;
				CLANG_WARN__DUPLICATE_METHOD_MATCH = YES;
				COPY_PHASE_STRIP = NO;
				DEBUG_INFORMATION_FORMAT = "dwarf-with-dsym";
				ENABLE_NS_ASSERTIONS = NO;
				ENABLE_STRICT_OBJC_MSGSEND = YES;
				GCC_C_LANGUAGE_STANDARD = gnu11;
				GCC_NO_COMMON_BLOCKS = YES;
				GCC_WARN_64_TO_32_BIT_CONVERSION = YES;
				GCC_WARN_ABOUT_RETURN_TYPE = YES_ERROR;
				GCC_WARN_UNDECLARED_SELECTOR = YES;
				GCC_WARN_UNINITIALIZED_AUTOS = YES_AGGRESSIVE;
				GCC_WARN_UNUSED_FUNCTION = YES;
				GCC_WARN_UNUSED_VARIABLE = YES;
				IPHONEOS_DEPLOYMENT_TARGET = 15.5;
				MTL_ENABLE_DEBUG_INFO = NO;
				MTL_FAST_MATH = YES;
				SDKROOT = iphoneos;
				SWIFT_COMPILATION_MODE = wholemodule;
				SWIFT_OPTIMIZATION_LEVEL = "-O";
				VALIDATE_PRODUCT = YES;
			};
			name = Release;
		};
		1C5B305928F4B0A0003E1E9C /* Debug */ = {
			isa = XCBuildConfiguration;
			baseConfigurationReference = 1AA4AD9D552B5DE9AEF681CD /* Pods-Parstagram.debug.xcconfig */;
			buildSettings = {
				ASSETCATALOG_COMPILER_APPICON_NAME = AppIcon;
				ASSETCATALOG_COMPILER_GLOBAL_ACCENT_COLOR_NAME = AccentColor;
				CODE_SIGN_STYLE = Automatic;
				CURRENT_PROJECT_VERSION = 1;
				GENERATE_INFOPLIST_FILE = YES;
				INFOPLIST_FILE = Parstagram/Info.plist;
				INFOPLIST_KEY_UIApplicationSupportsIndirectInputEvents = YES;
				INFOPLIST_KEY_UILaunchStoryboardName = LaunchScreen;
				INFOPLIST_KEY_UIMainStoryboardFile = Main;
				INFOPLIST_KEY_UISupportedInterfaceOrientations_iPad = "UIInterfaceOrientationPortrait UIInterfaceOrientationPortraitUpsideDown UIInterfaceOrientationLandscapeLeft UIInterfaceOrientationLandscapeRight";
				INFOPLIST_KEY_UISupportedInterfaceOrientations_iPhone = "UIInterfaceOrientationPortrait UIInterfaceOrientationLandscapeLeft UIInterfaceOrientationLandscapeRight";
				LD_RUNPATH_SEARCH_PATHS = (
					"$(inherited)",
					"@executable_path/Frameworks",
				);
				MARKETING_VERSION = 1.0;
				PRODUCT_BUNDLE_IDENTIFIER = com.abbyclarke.Parstagram;
				PRODUCT_NAME = "$(TARGET_NAME)";
				SWIFT_EMIT_LOC_STRINGS = YES;
				SWIFT_VERSION = 5.0;
				TARGETED_DEVICE_FAMILY = "1,2";
			};
			name = Debug;
		};
		1C5B305A28F4B0A0003E1E9C /* Release */ = {
			isa = XCBuildConfiguration;
			baseConfigurationReference = 37951C26BF49B323C6B606A4 /* Pods-Parstagram.release.xcconfig */;
			buildSettings = {
				ASSETCATALOG_COMPILER_APPICON_NAME = AppIcon;
				ASSETCATALOG_COMPILER_GLOBAL_ACCENT_COLOR_NAME = AccentColor;
				CODE_SIGN_STYLE = Automatic;
				CURRENT_PROJECT_VERSION = 1;
				GENERATE_INFOPLIST_FILE = YES;
				INFOPLIST_FILE = Parstagram/Info.plist;
				INFOPLIST_KEY_UIApplicationSupportsIndirectInputEvents = YES;
				INFOPLIST_KEY_UILaunchStoryboardName = LaunchScreen;
				INFOPLIST_KEY_UIMainStoryboardFile = Main;
				INFOPLIST_KEY_UISupportedInterfaceOrientations_iPad = "UIInterfaceOrientationPortrait UIInterfaceOrientationPortraitUpsideDown UIInterfaceOrientationLandscapeLeft UIInterfaceOrientationLandscapeRight";
				INFOPLIST_KEY_UISupportedInterfaceOrientations_iPhone = "UIInterfaceOrientationPortrait UIInterfaceOrientationLandscapeLeft UIInterfaceOrientationLandscapeRight";
				LD_RUNPATH_SEARCH_PATHS = (
					"$(inherited)",
					"@executable_path/Frameworks",
				);
				MARKETING_VERSION = 1.0;
				PRODUCT_BUNDLE_IDENTIFIER = com.abbyclarke.Parstagram;
				PRODUCT_NAME = "$(TARGET_NAME)";
				SWIFT_EMIT_LOC_STRINGS = YES;
				SWIFT_VERSION = 5.0;
				TARGETED_DEVICE_FAMILY = "1,2";
			};
			name = Release;
		};
		1C5B305C28F4B0A0003E1E9C /* Debug */ = {
			isa = XCBuildConfiguration;
			baseConfigurationReference = 7EEEA93BA9483E884807FCF3 /* Pods-ParstagramTests.debug.xcconfig */;
			buildSettings = {
				ALWAYS_EMBED_SWIFT_STANDARD_LIBRARIES = YES;
				BUNDLE_LOADER = "$(TEST_HOST)";
				CODE_SIGN_STYLE = Automatic;
				CURRENT_PROJECT_VERSION = 1;
				GENERATE_INFOPLIST_FILE = YES;
				IPHONEOS_DEPLOYMENT_TARGET = 15.5;
				MARKETING_VERSION = 1.0;
				PRODUCT_BUNDLE_IDENTIFIER = com.abbyclarke.ParstagramTests;
				PRODUCT_NAME = "$(TARGET_NAME)";
				SWIFT_EMIT_LOC_STRINGS = NO;
				SWIFT_VERSION = 5.0;
				TARGETED_DEVICE_FAMILY = "1,2";
				TEST_HOST = "$(BUILT_PRODUCTS_DIR)/Parstagram.app/Parstagram";
			};
			name = Debug;
		};
		1C5B305D28F4B0A0003E1E9C /* Release */ = {
			isa = XCBuildConfiguration;
			baseConfigurationReference = 9E2BEC0F2742964D898206B7 /* Pods-ParstagramTests.release.xcconfig */;
			buildSettings = {
				ALWAYS_EMBED_SWIFT_STANDARD_LIBRARIES = YES;
				BUNDLE_LOADER = "$(TEST_HOST)";
				CODE_SIGN_STYLE = Automatic;
				CURRENT_PROJECT_VERSION = 1;
				GENERATE_INFOPLIST_FILE = YES;
				IPHONEOS_DEPLOYMENT_TARGET = 15.5;
				MARKETING_VERSION = 1.0;
				PRODUCT_BUNDLE_IDENTIFIER = com.abbyclarke.ParstagramTests;
				PRODUCT_NAME = "$(TARGET_NAME)";
				SWIFT_EMIT_LOC_STRINGS = NO;
				SWIFT_VERSION = 5.0;
				TARGETED_DEVICE_FAMILY = "1,2";
				TEST_HOST = "$(BUILT_PRODUCTS_DIR)/Parstagram.app/Parstagram";
			};
			name = Release;
		};
		1C5B305F28F4B0A0003E1E9C /* Debug */ = {
			isa = XCBuildConfiguration;
			baseConfigurationReference = 6BBCF17FEEB3608220193B03 /* Pods-Parstagram-ParstagramUITests.debug.xcconfig */;
			buildSettings = {
				ALWAYS_EMBED_SWIFT_STANDARD_LIBRARIES = YES;
				CODE_SIGN_STYLE = Automatic;
				CURRENT_PROJECT_VERSION = 1;
				GENERATE_INFOPLIST_FILE = YES;
				MARKETING_VERSION = 1.0;
				PRODUCT_BUNDLE_IDENTIFIER = com.abbyclarke.ParstagramUITests;
				PRODUCT_NAME = "$(TARGET_NAME)";
				SWIFT_EMIT_LOC_STRINGS = NO;
				SWIFT_VERSION = 5.0;
				TARGETED_DEVICE_FAMILY = "1,2";
				TEST_TARGET_NAME = Parstagram;
			};
			name = Debug;
		};
		1C5B306028F4B0A0003E1E9C /* Release */ = {
			isa = XCBuildConfiguration;
			baseConfigurationReference = 27D098448BBA9FD582481949 /* Pods-Parstagram-ParstagramUITests.release.xcconfig */;
			buildSettings = {
				ALWAYS_EMBED_SWIFT_STANDARD_LIBRARIES = YES;
				CODE_SIGN_STYLE = Automatic;
				CURRENT_PROJECT_VERSION = 1;
				GENERATE_INFOPLIST_FILE = YES;
				MARKETING_VERSION = 1.0;
				PRODUCT_BUNDLE_IDENTIFIER = com.abbyclarke.ParstagramUITests;
				PRODUCT_NAME = "$(TARGET_NAME)";
				SWIFT_EMIT_LOC_STRINGS = NO;
				SWIFT_VERSION = 5.0;
				TARGETED_DEVICE_FAMILY = "1,2";
				TEST_TARGET_NAME = Parstagram;
			};
			name = Release;
		};
/* End XCBuildConfiguration section */

/* Begin XCConfigurationList section */
		1C5B302928F4B09E003E1E9C /* Build configuration list for PBXProject "Parstagram" */ = {
			isa = XCConfigurationList;
			buildConfigurations = (
				1C5B305628F4B0A0003E1E9C /* Debug */,
				1C5B305728F4B0A0003E1E9C /* Release */,
			);
			defaultConfigurationIsVisible = 0;
			defaultConfigurationName = Release;
		};
		1C5B305828F4B0A0003E1E9C /* Build configuration list for PBXNativeTarget "Parstagram" */ = {
			isa = XCConfigurationList;
			buildConfigurations = (
				1C5B305928F4B0A0003E1E9C /* Debug */,
				1C5B305A28F4B0A0003E1E9C /* Release */,
			);
			defaultConfigurationIsVisible = 0;
			defaultConfigurationName = Release;
		};
		1C5B305B28F4B0A0003E1E9C /* Build configuration list for PBXNativeTarget "ParstagramTests" */ = {
			isa = XCConfigurationList;
			buildConfigurations = (
				1C5B305C28F4B0A0003E1E9C /* Debug */,
				1C5B305D28F4B0A0003E1E9C /* Release */,
			);
			defaultConfigurationIsVisible = 0;
			defaultConfigurationName = Release;
		};
		1C5B305E28F4B0A0003E1E9C /* Build configuration list for PBXNativeTarget "ParstagramUITests" */ = {
			isa = XCConfigurationList;
			buildConfigurations = (
				1C5B305F28F4B0A0003E1E9C /* Debug */,
				1C5B306028F4B0A0003E1E9C /* Release */,
			);
			defaultConfigurationIsVisible = 0;
			defaultConfigurationName = Release;
		};
/* End XCConfigurationList section */

/* Begin XCRemoteSwiftPackageReference section */
		1C5B306728F4B75C003E1E9C /* XCRemoteSwiftPackageReference "AlamofireImage" */ = {
			isa = XCRemoteSwiftPackageReference;
			repositoryURL = "https://github.com/Alamofire/AlamofireImage";
			requirement = {
				kind = upToNextMajorVersion;
				minimumVersion = 4.0.0;
			};
		};
/* End XCRemoteSwiftPackageReference section */

/* Begin XCSwiftPackageProductDependency section */
		1C5B306828F4B75C003E1E9C /* AlamofireImage */ = {
			isa = XCSwiftPackageProductDependency;
			package = 1C5B306728F4B75C003E1E9C /* XCRemoteSwiftPackageReference "AlamofireImage" */;
			productName = AlamofireImage;
		};
/* End XCSwiftPackageProductDependency section */
	};
	rootObject = 1C5B302628F4B09E003E1E9C /* Project object */;
}
